PODS:
  - FlutterMacOS (1.0.0)
  - zoom_video_sdk_flutter (0.0.1):
    - FlutterMacOS

DEPENDENCIES:
  - FlutterMacOS (from `Flutter/ephemeral`)
  - zoom_video_sdk_flutter (from `Flutter/ephemeral/.symlinks/plugins/zoom_video_sdk_flutter/macos`)

EXTERNAL SOURCES:
  FlutterMacOS:
    :path: Flutter/ephemeral
  zoom_video_sdk_flutter:
    :path: Flutter/ephemeral/.symlinks/plugins/zoom_video_sdk_flutter/macos

SPEC CHECKSUMS:
  FlutterMacOS: d0db08ddef1a9af05a5ec4b724367152bb0500b1
  zoom_video_sdk_flutter: c53360e4dc0129428fff905608fdcb87a8bad1b3

PODFILE CHECKSUM: 338e241e28b9a9aae29d6065125279e431ad0570

COCOAPODS: 1.16.2
